
Microsoft Visual Studio Solution File, Format Version 12.00
# Visual Studio Version 17
VisualStudioVersion = 17.3.32804.467
MinimumVisualStudioVersion = 10.0.40219.1
Project("{9A19103F-16F7-4668-BE54-9A1E7A4F7556}") = "WebApplication5", "WebApplication5\WebApplication5.csproj", "{25E7311A-1760-49AA-ADA9-DD2B5C9A9BB1}"
EndProject
Project("{FAE04EC0-301F-11D3-BF4B-00C04F79EFBC}") = "DataAccess", "DataAccess\DataAccess.csproj", "{8E6087DF-35D8-47E5-A326-1CE579CDE1B5}"
EndProject
Global
	GlobalSection(SolutionConfigurationPlatforms) = preSolution
		Debug|Any CPU = Debug|Any CPU
		Release|Any CPU = Release|Any CPU
	EndGlobalSection
	GlobalSection(ProjectConfigurationPlatforms) = postSolution
		{25E7311A-1760-49AA-ADA9-DD2B5C9A9BB1}.Debug|Any CPU.ActiveCfg = Debug|Any CPU
		{25E7311A-1760-49AA-ADA9-DD2B5C9A9BB1}.Debug|Any CPU.Build.0 = Debug|Any CPU
		{25E7311A-1760-49AA-ADA9-DD2B5C9A9BB1}.Release|Any CPU.ActiveCfg = Release|Any CPU
		{25E7311A-1760-49AA-ADA9-DD2B5C9A9BB1}.Release|Any CPU.Build.0 = Release|Any CPU
		{8E6087DF-35D8-47E5-A326-1CE579CDE1B5}.Debug|Any CPU.ActiveCfg = Debug|Any CPU
		{8E6087DF-35D8-47E5-A326-1CE579CDE1B5}.Debug|Any CPU.Build.0 = Debug|Any CPU
		{8E6087DF-35D8-47E5-A326-1CE579CDE1B5}.Release|Any CPU.ActiveCfg = Release|Any CPU
		{8E6087DF-35D8-47E5-A326-1CE579CDE1B5}.Release|Any CPU.Build.0 = Release|Any CPU
	EndGlobalSection
	GlobalSection(SolutionProperties) = preSolution
		HideSolutionNode = FALSE
	EndGlobalSection
	GlobalSection(ExtensibilityGlobals) = postSolution
		SolutionGuid = {AE076AA8-867F-4385-90AB-0AE68623C5A1}
	EndGlobalSection
EndGlobal
